
Microsoft Visual Studio Solution File, Format Version 12.00
# Visual Studio Version 16
VisualStudioVersion = 16.0.35731.53
MinimumVisualStudioVersion = 10.0.40219.1
Project("{E24C65DC-7377-472B-9ABA-BC803B73C61A}") = "WebSite1(1)", "E:\LTWEB\WebSite1\", "{6725F2A9-293A-43FA-B39B-9F04C4C560D3}"
	ProjectSection(WebsiteProperties) = preProject
		TargetFrameworkMoniker = ".NETFramework,Version%3Dv4.5.2"
		Debug.AspNetCompiler.VirtualPath = "/localhost_58675"
		Debug.AspNetCompiler.PhysicalPath = "E:\LTWEB\WebSite1\"
		Debug.AspNetCompiler.TargetPath = "PrecompiledWeb\localhost_58675\"
		Debug.AspNetCompiler.Updateable = "true"
		Debug.AspNetCompiler.ForceOverwrite = "true"
		Debug.AspNetCompiler.FixedNames = "false"
		Debug.AspNetCompiler.Debug = "True"
		Release.AspNetCompiler.VirtualPath = "/localhost_58675"
		Release.AspNetCompiler.PhysicalPath = "E:\LTWEB\WebSite1\"
		Release.AspNetCompiler.TargetPath = "PrecompiledWeb\localhost_58675\"
		Release.AspNetCompiler.Updateable = "true"
		Release.AspNetCompiler.ForceOverwrite = "true"
		Release.AspNetCompiler.FixedNames = "false"
		Release.AspNetCompiler.Debug = "False"
		VWDPort = "58675"
		SlnRelativePath = "E:\LTWEB\WebSite1\"
		DefaultWebSiteLanguage = "Visual C#"
	EndProjectSection
EndProject
Global
	GlobalSection(SolutionConfigurationPlatforms) = preSolution
		Debug|Any CPU = Debug|Any CPU
	EndGlobalSection
	GlobalSection(ProjectConfigurationPlatforms) = postSolution
		{6725F2A9-293A-43FA-B39B-9F04C4C560D3}.Debug|Any CPU.ActiveCfg = Debug|Any CPU
		{6725F2A9-293A-43FA-B39B-9F04C4C560D3}.Debug|Any CPU.Build.0 = Debug|Any CPU
	EndGlobalSection
	GlobalSection(SolutionProperties) = preSolution
		HideSolutionNode = FALSE
	EndGlobalSection
	GlobalSection(ExtensibilityGlobals) = postSolution
		SolutionGuid = {2F32A3D2-E6EC-493E-B808-2379AB8EE035}
	EndGlobalSection
EndGlobal
